// !$*UTF8*$!
{
	archiveVersion = 1;
	classes = {
	};
	objectVersion = 56;
	objects = {

/* Begin PBXBuildFile section */
		069090012B81D2DE0040935C /* AppDelegate.swift in Sources */ = {isa = PBXBuildFile; fileRef = 069090002B81D2DE0040935C /* AppDelegate.swift */; };
		069090032B81D2DE0040935C /* SceneDelegate.swift in Sources */ = {isa = PBXBuildFile; fileRef = 069090022B81D2DE0040935C /* SceneDelegate.swift */; };
		069090052B81D2DE0040935C /* ViewController.swift in Sources */ = {isa = PBXBuildFile; fileRef = 069090042B81D2DE0040935C /* ViewController.swift */; };
		069090082B81D2DE0040935C /* Main.storyboard in Resources */ = {isa = PBXBuildFile; fileRef = 069090062B81D2DE0040935C /* Main.storyboard */; };
		0690900B2B81D2DE0040935C /* VisionProject.xcdatamodeld in Sources */ = {isa = PBXBuildFile; fileRef = 069090092B81D2DE0040935C /* VisionProject.xcdatamodeld */; };
		0690900D2B81D2E30040935C /* Assets.xcassets in Resources */ = {isa = PBXBuildFile; fileRef = 0690900C2B81D2E30040935C /* Assets.xcassets */; };
		069090102B81D2E30040935C /* LaunchScreen.storyboard in Resources */ = {isa = PBXBuildFile; fileRef = 0690900E2B81D2E30040935C /* LaunchScreen.storyboard */; };
		502E7ACF2B87EFCE007C2490 /* Roboflow in Frameworks */ = {isa = PBXBuildFile; productRef = 502E7ACE2B87EFCE007C2490 /* Roboflow */; };
		502E7AD12B87F1CE007C2490 /* RoboflowApi.swift in Sources */ = {isa = PBXBuildFile; fileRef = 502E7AD02B87F1CE007C2490 /* RoboflowApi.swift */; };
/* End PBXBuildFile section */

/* Begin PBXFileReference section */
		06908FFD2B81D2DE0040935C /* VisionProject.app */ = {isa = PBXFileReference; explicitFileType = wrapper.application; includeInIndex = 0; path = VisionProject.app; sourceTree = BUILT_PRODUCTS_DIR; };
		069090002B81D2DE0040935C /* AppDelegate.swift */ = {isa = PBXFileReference; lastKnownFileType = sourcecode.swift; path = AppDelegate.swift; sourceTree = "<group>"; };
		069090022B81D2DE0040935C /* SceneDelegate.swift */ = {isa = PBXFileReference; lastKnownFileType = sourcecode.swift; path = SceneDelegate.swift; sourceTree = "<group>"; };
		069090042B81D2DE0040935C /* ViewController.swift */ = {isa = PBXFileReference; lastKnownFileType = sourcecode.swift; path = ViewController.swift; sourceTree = "<group>"; };
		069090072B81D2DE0040935C /* Base */ = {isa = PBXFileReference; lastKnownFileType = file.storyboard; name = Base; path = Base.lproj/Main.storyboard; sourceTree = "<group>"; };
		0690900A2B81D2DE0040935C /* VisionProject.xcdatamodel */ = {isa = PBXFileReference; lastKnownFileType = wrapper.xcdatamodel; path = VisionProject.xcdatamodel; sourceTree = "<group>"; };
		0690900C2B81D2E30040935C /* Assets.xcassets */ = {isa = PBXFileReference; lastKnownFileType = folder.assetcatalog; path = Assets.xcassets; sourceTree = "<group>"; };
		0690900F2B81D2E30040935C /* Base */ = {isa = PBXFileReference; lastKnownFileType = file.storyboard; name = Base; path = Base.lproj/LaunchScreen.storyboard; sourceTree = "<group>"; };
		069090112B81D2E30040935C /* Info.plist */ = {isa = PBXFileReference; lastKnownFileType = text.plist.xml; path = Info.plist; sourceTree = "<group>"; };
		502E7AD02B87F1CE007C2490 /* RoboflowApi.swift */ = {isa = PBXFileReference; lastKnownFileType = sourcecode.swift; path = RoboflowApi.swift; sourceTree = "<group>"; };
/* End PBXFileReference section */

/* Begin PBXFrameworksBuildPhase section */
		06908FFA2B81D2DE0040935C /* Frameworks */ = {
			isa = PBXFrameworksBuildPhase;
			buildActionMask = 2147483647;
			files = (
				502E7ACF2B87EFCE007C2490 /* Roboflow in Frameworks */,
			);
			runOnlyForDeploymentPostprocessing = 0;
		};
/* End PBXFrameworksBuildPhase section */

/* Begin PBXGroup section */
		06908FF42B81D2DE0040935C = {
			isa = PBXGroup;
			children = (
				06908FFF2B81D2DE0040935C /* VisionProject */,
				06908FFE2B81D2DE0040935C /* Products */,
			);
			sourceTree = "<group>";
		};
		06908FFE2B81D2DE0040935C /* Products */ = {
			isa = PBXGroup;
			children = (
				06908FFD2B81D2DE0040935C /* VisionProject.app */,
			);
			name = Products;
			sourceTree = "<group>";
		};
		06908FFF2B81D2DE0040935C /* VisionProject */ = {
			isa = PBXGroup;
			children = (
				069090002B81D2DE0040935C /* AppDelegate.swift */,
				069090022B81D2DE0040935C /* SceneDelegate.swift */,
				069090042B81D2DE0040935C /* ViewController.swift */,
				502E7AD02B87F1CE007C2490 /* RoboflowApi.swift */,
				069090062B81D2DE0040935C /* Main.storyboard */,
				0690900C2B81D2E30040935C /* Assets.xcassets */,
				0690900E2B81D2E30040935C /* LaunchScreen.storyboard */,
				069090112B81D2E30040935C /* Info.plist */,
				069090092B81D2DE0040935C /* VisionProject.xcdatamodeld */,
			);
			path = VisionProject;
			sourceTree = "<group>";
		};
/* End PBXGroup section */

/* Begin PBXNativeTarget section */
		06908FFC2B81D2DE0040935C /* VisionProject */ = {
			isa = PBXNativeTarget;
			buildConfigurationList = 069090142B81D2E30040935C /* Build configuration list for PBXNativeTarget "VisionProject" */;
			buildPhases = (
				06908FF92B81D2DE0040935C /* Sources */,
				06908FFA2B81D2DE0040935C /* Frameworks */,
				06908FFB2B81D2DE0040935C /* Resources */,
			);
			buildRules = (
			);
			dependencies = (
			);
			name = VisionProject;
			packageProductDependencies = (
				502E7ACE2B87EFCE007C2490 /* Roboflow */,
			);
			productName = VisionProject;
			productReference = 06908FFD2B81D2DE0040935C /* VisionProject.app */;
			productType = "com.apple.product-type.application";
		};
/* End PBXNativeTarget section */

/* Begin PBXProject section */
		06908FF52B81D2DE0040935C /* Project object */ = {
			isa = PBXProject;
			attributes = {
				BuildIndependentTargetsInParallel = 1;
				LastSwiftUpdateCheck = 1520;
				LastUpgradeCheck = 1520;
				TargetAttributes = {
					06908FFC2B81D2DE0040935C = {
						CreatedOnToolsVersion = 15.2;
					};
				};
			};
			buildConfigurationList = 06908FF82B81D2DE0040935C /* Build configuration list for PBXProject "VisionProject" */;
			compatibilityVersion = "Xcode 14.0";
			developmentRegion = en;
			hasScannedForEncodings = 0;
			knownRegions = (
				en,
				Base,
			);
			mainGroup = 06908FF42B81D2DE0040935C;
			packageReferences = (
				502E7ACD2B87EFCE007C2490 /* XCRemoteSwiftPackageReference "swift-sdk" */,
			);
			productRefGroup = 06908FFE2B81D2DE0040935C /* Products */;
			projectDirPath = "";
			projectRoot = "";
			targets = (
				06908FFC2B81D2DE0040935C /* VisionProject */,
			);
		};
/* End PBXProject section */

/* Begin PBXResourcesBuildPhase section */
		06908FFB2B81D2DE0040935C /* Resources */ = {
			isa = PBXResourcesBuildPhase;
			buildActionMask = 2147483647;
			files = (
				069090102B81D2E30040935C /* LaunchScreen.storyboard in Resources */,
				0690900D2B81D2E30040935C /* Assets.xcassets in Resources */,
				069090082B81D2DE0040935C /* Main.storyboard in Resources */,
			);
			runOnlyForDeploymentPostprocessing = 0;
		};
/* End PBXResourcesBuildPhase section */

/* Begin PBXSourcesBuildPhase section */
		06908FF92B81D2DE0040935C /* Sources */ = {
			isa = PBXSourcesBuildPhase;
			buildActionMask = 2147483647;
			files = (
				069090052B81D2DE0040935C /* ViewController.swift in Sources */,
				0690900B2B81D2DE0040935C /* VisionProject.xcdatamodeld in Sources */,
				502E7AD12B87F1CE007C2490 /* RoboflowApi.swift in Sources */,
				069090012B81D2DE0040935C /* AppDelegate.swift in Sources */,
				069090032B81D2DE0040935C /* SceneDelegate.swift in Sources */,
			);
			runOnlyForDeploymentPostprocessing = 0;
		};
/* End PBXSourcesBuildPhase section */

/* Begin PBXVariantGroup section */
		069090062B81D2DE0040935C /* Main.storyboard */ = {
			isa = PBXVariantGroup;
			children = (
				069090072B81D2DE0040935C /* Base */,
			);
			name = Main.storyboard;
			sourceTree = "<group>";
		};
		0690900E2B81D2E30040935C /* LaunchScreen.storyboard */ = {
			isa = PBXVariantGroup;
			children = (
				0690900F2B81D2E30040935C /* Base */,
			);
			name = LaunchScreen.storyboard;
			sourceTree = "<group>";
		};
/* End PBXVariantGroup section */

/* Begin XCBuildConfiguration section */
		069090122B81D2E30040935C /* Debug */ = {
			isa = XCBuildConfiguration;
			buildSettings = {
				ALWAYS_SEARCH_USER_PATHS = NO;
				ASSETCATALOG_COMPILER_GENERATE_SWIFT_ASSET_SYMBOL_EXTENSIONS = YES;
				CLANG_ANALYZER_NONNULL = YES;
				CLANG_ANALYZER_NUMBER_OBJECT_CONVERSION = YES_AGGRESSIVE;
				CLANG_CXX_LANGUAGE_STANDARD = "gnu++20";
				CLANG_ENABLE_MODULES = YES;
				CLANG_ENABLE_OBJC_ARC = YES;
				CLANG_ENABLE_OBJC_WEAK = YES;
				CLANG_WARN_BLOCK_CAPTURE_AUTORELEASING = YES;
				CLANG_WARN_BOOL_CONVERSION = YES;
				CLANG_WARN_COMMA = YES;
				CLANG_WARN_CONSTANT_CONVERSION = YES;
				CLANG_WARN_DEPRECATED_OBJC_IMPLEMENTATIONS = YES;
				CLANG_WARN_DIRECT_OBJC_ISA_USAGE = YES_ERROR;
				CLANG_WARN_DOCUMENTATION_COMMENTS = YES;
				CLANG_WARN_EMPTY_BODY = YES;
				CLANG_WARN_ENUM_CONVERSION = YES;
				CLANG_WARN_INFINITE_RECURSION = YES;
				CLANG_WARN_INT_CONVERSION = YES;
				CLANG_WARN_NON_LITERAL_NULL_CONVERSION = YES;
				CLANG_WARN_OBJC_IMPLICIT_RETAIN_SELF = YES;
				CLANG_WARN_OBJC_LITERAL_CONVERSION = YES;
				CLANG_WARN_OBJC_ROOT_CLASS = YES_ERROR;
				CLANG_WARN_QUOTED_INCLUDE_IN_FRAMEWORK_HEADER = YES;
				CLANG_WARN_RANGE_LOOP_ANALYSIS = YES;
				CLANG_WARN_STRICT_PROTOTYPES = YES;
				CLANG_WARN_SUSPICIOUS_MOVE = YES;
				CLANG_WARN_UNGUARDED_AVAILABILITY = YES_AGGRESSIVE;
				CLANG_WARN_UNREACHABLE_CODE = YES;
				CLANG_WARN__DUPLICATE_METHOD_MATCH = YES;
				COPY_PHASE_STRIP = NO;
				DEBUG_INFORMATION_FORMAT = dwarf;
				ENABLE_STRICT_OBJC_MSGSEND = YES;
				ENABLE_TESTABILITY = YES;
				ENABLE_USER_SCRIPT_SANDBOXING = YES;
				GCC_C_LANGUAGE_STANDARD = gnu17;
				GCC_DYNAMIC_NO_PIC = NO;
				GCC_NO_COMMON_BLOCKS = YES;
				GCC_OPTIMIZATION_LEVEL = 0;
				GCC_PREPROCESSOR_DEFINITIONS = (
					"DEBUG=1",
					"$(inherited)",
				);
				GCC_WARN_64_TO_32_BIT_CONVERSION = YES;
				GCC_WARN_ABOUT_RETURN_TYPE = YES_ERROR;
				GCC_WARN_UNDECLARED_SELECTOR = YES;
				GCC_WARN_UNINITIALIZED_AUTOS = YES_AGGRESSIVE;
				GCC_WARN_UNUSED_FUNCTION = YES;
				GCC_WARN_UNUSED_VARIABLE = YES;
				IPHONEOS_DEPLOYMENT_TARGET = 17.2;
				LOCALIZATION_PREFERS_STRING_CATALOGS = YES;
				MTL_ENABLE_DEBUG_INFO = INCLUDE_SOURCE;
				MTL_FAST_MATH = YES;
				ONLY_ACTIVE_ARCH = YES;
				SDKROOT = iphoneos;
				SWIFT_ACTIVE_COMPILATION_CONDITIONS = "DEBUG $(inherited)";
				SWIFT_OPTIMIZATION_LEVEL = "-Onone";
			};
			name = Debug;
		};
		069090132B81D2E30040935C /* Release */ = {
			isa = XCBuildConfiguration;
			buildSettings = {
				ALWAYS_SEARCH_USER_PATHS = NO;
				ASSETCATALOG_COMPILER_GENERATE_SWIFT_ASSET_SYMBOL_EXTENSIONS = YES;
				CLANG_ANALYZER_NONNULL = YES;
				CLANG_ANALYZER_NUMBER_OBJECT_CONVERSION = YES_AGGRESSIVE;
				CLANG_CXX_LANGUAGE_STANDARD = "gnu++20";
				CLANG_ENABLE_MODULES = YES;
				CLANG_ENABLE_OBJC_ARC = YES;
				CLANG_ENABLE_OBJC_WEAK = YES;
				CLANG_WARN_BLOCK_CAPTURE_AUTORELEASING = YES;
				CLANG_WARN_BOOL_CONVERSION = YES;
				CLANG_WARN_COMMA = YES;
				CLANG_WARN_CONSTANT_CONVERSION = YES;
				CLANG_WARN_DEPRECATED_OBJC_IMPLEMENTATIONS = YES;
				CLANG_WARN_DIRECT_OBJC_ISA_USAGE = YES_ERROR;
				CLANG_WARN_DOCUMENTATION_COMMENTS = YES;
				CLANG_WARN_EMPTY_BODY = YES;
				CLANG_WARN_ENUM_CONVERSION = YES;
				CLANG_WARN_INFINITE_RECURSION = YES;
				CLANG_WARN_INT_CONVERSION = YES;
				CLANG_WARN_NON_LITERAL_NULL_CONVERSION = YES;
				CLANG_WARN_OBJC_IMPLICIT_RETAIN_SELF = YES;
				CLANG_WARN_OBJC_LITERAL_CONVERSION = YES;
				CLANG_WARN_OBJC_ROOT_CLASS = YES_ERROR;
				CLANG_WARN_QUOTED_INCLUDE_IN_FRAMEWORK_HEADER = YES;
				CLANG_WARN_RANGE_LOOP_ANALYSIS = YES;
				CLANG_WARN_STRICT_PROTOTYPES = YES;
				CLANG_WARN_SUSPICIOUS_MOVE = YES;
				CLANG_WARN_UNGUARDED_AVAILABILITY = YES_AGGRESSIVE;
				CLANG_WARN_UNREACHABLE_CODE = YES;
				CLANG_WARN__DUPLICATE_METHOD_MATCH = YES;
				COPY_PHASE_STRIP = NO;
				DEBUG_INFORMATION_FORMAT = "dwarf-with-dsym";
				ENABLE_NS_ASSERTIONS = NO;
				ENABLE_STRICT_OBJC_MSGSEND = YES;
				ENABLE_USER_SCRIPT_SANDBOXING = YES;
				GCC_C_LANGUAGE_STANDARD = gnu17;
				GCC_NO_COMMON_BLOCKS = YES;
				GCC_WARN_64_TO_32_BIT_CONVERSION = YES;
				GCC_WARN_ABOUT_RETURN_TYPE = YES_ERROR;
				GCC_WARN_UNDECLARED_SELECTOR = YES;
				GCC_WARN_UNINITIALIZED_AUTOS = YES_AGGRESSIVE;
				GCC_WARN_UNUSED_FUNCTION = YES;
				GCC_WARN_UNUSED_VARIABLE = YES;
				IPHONEOS_DEPLOYMENT_TARGET = 17.2;
				LOCALIZATION_PREFERS_STRING_CATALOGS = YES;
				MTL_ENABLE_DEBUG_INFO = NO;
				MTL_FAST_MATH = YES;
				SDKROOT = iphoneos;
				SWIFT_COMPILATION_MODE = wholemodule;
				VALIDATE_PRODUCT = YES;
			};
			name = Release;
		};
		069090152B81D2E30040935C /* Debug */ = {
			isa = XCBuildConfiguration;
			buildSettings = {
				ASSETCATALOG_COMPILER_APPICON_NAME = AppIcon;
				ASSETCATALOG_COMPILER_GLOBAL_ACCENT_COLOR_NAME = AccentColor;
				CODE_SIGN_STYLE = Automatic;
				CURRENT_PROJECT_VERSION = 1;
				DEVELOPMENT_TEAM = T9JZ5TG7KW;
				GENERATE_INFOPLIST_FILE = YES;
				INFOPLIST_FILE = VisionProject/Info.plist;
				INFOPLIST_KEY_CFBundleDisplayName = Weedalyzer;
				INFOPLIST_KEY_NSCameraUsageDescription = "Please allow access for photos";
				INFOPLIST_KEY_UIApplicationSupportsIndirectInputEvents = YES;
				INFOPLIST_KEY_UILaunchStoryboardName = LaunchScreen;
				INFOPLIST_KEY_UIMainStoryboardFile = Main;
				INFOPLIST_KEY_UISupportedInterfaceOrientations_iPad = "UIInterfaceOrientationPortrait UIInterfaceOrientationPortraitUpsideDown UIInterfaceOrientationLandscapeLeft UIInterfaceOrientationLandscapeRight";
				INFOPLIST_KEY_UISupportedInterfaceOrientations_iPhone = "UIInterfaceOrientationPortrait UIInterfaceOrientationLandscapeLeft UIInterfaceOrientationLandscapeRight";
				LD_RUNPATH_SEARCH_PATHS = (
					"$(inherited)",
					"@executable_path/Frameworks",
				);
				MARKETING_VERSION = 1.0;
				PRODUCT_BUNDLE_IDENTIFIER = VisionProject.css;
				PRODUCT_NAME = "$(TARGET_NAME)";
				SWIFT_EMIT_LOC_STRINGS = YES;
				SWIFT_VERSION = 5.0;
				TARGETED_DEVICE_FAMILY = "1,2";
			};
			name = Debug;
		};
		069090162B81D2E30040935C /* Release */ = {
			isa = XCBuildConfiguration;
			buildSettings = {
				ASSETCATALOG_COMPILER_APPICON_NAME = AppIcon;
				ASSETCATALOG_COMPILER_GLOBAL_ACCENT_COLOR_NAME = AccentColor;
				CODE_SIGN_STYLE = Automatic;
				CURRENT_PROJECT_VERSION = 1;
				DEVELOPMENT_TEAM = T9JZ5TG7KW;
				GENERATE_INFOPLIST_FILE = YES;
				INFOPLIST_FILE = VisionProject/Info.plist;
				INFOPLIST_KEY_CFBundleDisplayName = Weedalyzer;
				INFOPLIST_KEY_NSCameraUsageDescription = "Please allow access for photos";
				INFOPLIST_KEY_UIApplicationSupportsIndirectInputEvents = YES;
				INFOPLIST_KEY_UILaunchStoryboardName = LaunchScreen;
				INFOPLIST_KEY_UIMainStoryboardFile = Main;
				INFOPLIST_KEY_UISupportedInterfaceOrientations_iPad = "UIInterfaceOrientationPortrait UIInterfaceOrientationPortraitUpsideDown UIInterfaceOrientationLandscapeLeft UIInterfaceOrientationLandscapeRight";
				INFOPLIST_KEY_UISupportedInterfaceOrientations_iPhone = "UIInterfaceOrientationPortrait UIInterfaceOrientationLandscapeLeft UIInterfaceOrientationLandscapeRight";
				LD_RUNPATH_SEARCH_PATHS = (
					"$(inherited)",
					"@executable_path/Frameworks",
				);
				MARKETING_VERSION = 1.0;
				PRODUCT_BUNDLE_IDENTIFIER = VisionProject.css;
				PRODUCT_NAME = "$(TARGET_NAME)";
				SWIFT_EMIT_LOC_STRINGS = YES;
				SWIFT_VERSION = 5.0;
				TARGETED_DEVICE_FAMILY = "1,2";
			};
			name = Release;
		};
/* End XCBuildConfiguration section */

/* Begin XCConfigurationList section */
		06908FF82B81D2DE0040935C /* Build configuration list for PBXProject "VisionProject" */ = {
			isa = XCConfigurationList;
			buildConfigurations = (
				069090122B81D2E30040935C /* Debug */,
				069090132B81D2E30040935C /* Release */,
			);
			defaultConfigurationIsVisible = 0;
			defaultConfigurationName = Release;
		};
		069090142B81D2E30040935C /* Build configuration list for PBXNativeTarget "VisionProject" */ = {
			isa = XCConfigurationList;
			buildConfigurations = (
				069090152B81D2E30040935C /* Debug */,
				069090162B81D2E30040935C /* Release */,
			);
			defaultConfigurationIsVisible = 0;
			defaultConfigurationName = Release;
		};
/* End XCConfigurationList section */

/* Begin XCRemoteSwiftPackageReference section */
		502E7ACD2B87EFCE007C2490 /* XCRemoteSwiftPackageReference "swift-sdk" */ = {
			isa = XCRemoteSwiftPackageReference;
			repositoryURL = "https://github.com/roboflow/swift-sdk";
			requirement = {
				kind = upToNextMajorVersion;
				minimumVersion = 1.0.3;
			};
		};
/* End XCRemoteSwiftPackageReference section */

/* Begin XCSwiftPackageProductDependency section */
		502E7ACE2B87EFCE007C2490 /* Roboflow */ = {
			isa = XCSwiftPackageProductDependency;
			package = 502E7ACD2B87EFCE007C2490 /* XCRemoteSwiftPackageReference "swift-sdk" */;
			productName = Roboflow;
		};
/* End XCSwiftPackageProductDependency section */

/* Begin XCVersionGroup section */
		069090092B81D2DE0040935C /* VisionProject.xcdatamodeld */ = {
			isa = XCVersionGroup;
			children = (
				0690900A2B81D2DE0040935C /* VisionProject.xcdatamodel */,
			);
			currentVersion = 0690900A2B81D2DE0040935C /* VisionProject.xcdatamodel */;
			path = VisionProject.xcdatamodeld;
			sourceTree = "<group>";
			versionGroupType = wrapper.xcdatamodel;
		};
/* End XCVersionGroup section */
	};
	rootObject = 06908FF52B81D2DE0040935C /* Project object */;
}
