// !$*UTF8*$!
{
	archiveVersion = 1;
	classes = {
	};
	objectVersion = 56;
	objects = {

/* Begin PBXBuildFile section */
		0623B1062B7EC42000CB0059 /* AppDelegate.m in Sources */ = {isa = PBXBuildFile; fileRef = 0623B1052B7EC42000CB0059 /* AppDelegate.m */; };
		0623B1092B7EC42000CB0059 /* SceneDelegate.m in Sources */ = {isa = PBXBuildFile; fileRef = 0623B1082B7EC42000CB0059 /* SceneDelegate.m */; };
		0623B10C2B7EC42000CB0059 /* ViewController.m in Sources */ = {isa = PBXBuildFile; fileRef = 0623B10B2B7EC42000CB0059 /* ViewController.m */; };
		0623B10F2B7EC42000CB0059 /* Main.storyboard in Resources */ = {isa = PBXBuildFile; fileRef = 0623B10D2B7EC42000CB0059 /* Main.storyboard */; };
		0623B1122B7EC42000CB0059 /* Weedalyzer.xcdatamodeld in Sources */ = {isa = PBXBuildFile; fileRef = 0623B1102B7EC42000CB0059 /* Weedalyzer.xcdatamodeld */; };
		0623B1142B7EC42500CB0059 /* Assets.xcassets in Resources */ = {isa = PBXBuildFile; fileRef = 0623B1132B7EC42500CB0059 /* Assets.xcassets */; };
		0623B1172B7EC42500CB0059 /* LaunchScreen.storyboard in Resources */ = {isa = PBXBuildFile; fileRef = 0623B1152B7EC42500CB0059 /* LaunchScreen.storyboard */; };
		0623B11A2B7EC42500CB0059 /* main.m in Sources */ = {isa = PBXBuildFile; fileRef = 0623B1192B7EC42500CB0059 /* main.m */; };
		0623B1242B7EC42600CB0059 /* WeedalyzerTests.m in Sources */ = {isa = PBXBuildFile; fileRef = 0623B1232B7EC42600CB0059 /* WeedalyzerTests.m */; };
		0623B12E2B7EC42600CB0059 /* WeedalyzerUITests.m in Sources */ = {isa = PBXBuildFile; fileRef = 0623B12D2B7EC42600CB0059 /* WeedalyzerUITests.m */; };
		0623B1302B7EC42600CB0059 /* WeedalyzerUITestsLaunchTests.m in Sources */ = {isa = PBXBuildFile; fileRef = 0623B12F2B7EC42600CB0059 /* WeedalyzerUITestsLaunchTests.m */; };
/* End PBXBuildFile section */

/* Begin PBXContainerItemProxy section */
		0623B1202B7EC42600CB0059 /* PBXContainerItemProxy */ = {
			isa = PBXContainerItemProxy;
			containerPortal = 0623B0F92B7EC42000CB0059 /* Project object */;
			proxyType = 1;
			remoteGlobalIDString = 0623B1002B7EC42000CB0059;
			remoteInfo = Weedalyzer;
		};
		0623B12A2B7EC42600CB0059 /* PBXContainerItemProxy */ = {
			isa = PBXContainerItemProxy;
			containerPortal = 0623B0F92B7EC42000CB0059 /* Project object */;
			proxyType = 1;
			remoteGlobalIDString = 0623B1002B7EC42000CB0059;
			remoteInfo = Weedalyzer;
		};
/* End PBXContainerItemProxy section */

/* Begin PBXFileReference section */
		0623B1012B7EC42000CB0059 /* Weedalyzer.app */ = {isa = PBXFileReference; explicitFileType = wrapper.application; includeInIndex = 0; path = Weedalyzer.app; sourceTree = BUILT_PRODUCTS_DIR; };
		0623B1042B7EC42000CB0059 /* AppDelegate.h */ = {isa = PBXFileReference; lastKnownFileType = sourcecode.c.h; path = AppDelegate.h; sourceTree = "<group>"; };
		0623B1052B7EC42000CB0059 /* AppDelegate.m */ = {isa = PBXFileReference; lastKnownFileType = sourcecode.c.objc; path = AppDelegate.m; sourceTree = "<group>"; };
		0623B1072B7EC42000CB0059 /* SceneDelegate.h */ = {isa = PBXFileReference; lastKnownFileType = sourcecode.c.h; path = SceneDelegate.h; sourceTree = "<group>"; };
		0623B1082B7EC42000CB0059 /* SceneDelegate.m */ = {isa = PBXFileReference; lastKnownFileType = sourcecode.c.objc; path = SceneDelegate.m; sourceTree = "<group>"; };
		0623B10A2B7EC42000CB0059 /* ViewController.h */ = {isa = PBXFileReference; lastKnownFileType = sourcecode.c.h; path = ViewController.h; sourceTree = "<group>"; };
		0623B10B2B7EC42000CB0059 /* ViewController.m */ = {isa = PBXFileReference; lastKnownFileType = sourcecode.c.objc; path = ViewController.m; sourceTree = "<group>"; };
		0623B10E2B7EC42000CB0059 /* Base */ = {isa = PBXFileReference; lastKnownFileType = file.storyboard; name = Base; path = Base.lproj/Main.storyboard; sourceTree = "<group>"; };
		0623B1112B7EC42000CB0059 /* Weedalyzer.xcdatamodel */ = {isa = PBXFileReference; lastKnownFileType = wrapper.xcdatamodel; path = Weedalyzer.xcdatamodel; sourceTree = "<group>"; };
		0623B1132B7EC42500CB0059 /* Assets.xcassets */ = {isa = PBXFileReference; lastKnownFileType = folder.assetcatalog; path = Assets.xcassets; sourceTree = "<group>"; };
		0623B1162B7EC42500CB0059 /* Base */ = {isa = PBXFileReference; lastKnownFileType = file.storyboard; name = Base; path = Base.lproj/LaunchScreen.storyboard; sourceTree = "<group>"; };
		0623B1182B7EC42500CB0059 /* Info.plist */ = {isa = PBXFileReference; lastKnownFileType = text.plist.xml; path = Info.plist; sourceTree = "<group>"; };
		0623B1192B7EC42500CB0059 /* main.m */ = {isa = PBXFileReference; lastKnownFileType = sourcecode.c.objc; path = main.m; sourceTree = "<group>"; };
		0623B11F2B7EC42600CB0059 /* WeedalyzerTests.xctest */ = {isa = PBXFileReference; explicitFileType = wrapper.cfbundle; includeInIndex = 0; path = WeedalyzerTests.xctest; sourceTree = BUILT_PRODUCTS_DIR; };
		0623B1232B7EC42600CB0059 /* WeedalyzerTests.m */ = {isa = PBXFileReference; lastKnownFileType = sourcecode.c.objc; path = WeedalyzerTests.m; sourceTree = "<group>"; };
		0623B1292B7EC42600CB0059 /* WeedalyzerUITests.xctest */ = {isa = PBXFileReference; explicitFileType = wrapper.cfbundle; includeInIndex = 0; path = WeedalyzerUITests.xctest; sourceTree = BUILT_PRODUCTS_DIR; };
		0623B12D2B7EC42600CB0059 /* WeedalyzerUITests.m */ = {isa = PBXFileReference; lastKnownFileType = sourcecode.c.objc; path = WeedalyzerUITests.m; sourceTree = "<group>"; };
		0623B12F2B7EC42600CB0059 /* WeedalyzerUITestsLaunchTests.m */ = {isa = PBXFileReference; lastKnownFileType = sourcecode.c.objc; path = WeedalyzerUITestsLaunchTests.m; sourceTree = "<group>"; };
/* End PBXFileReference section */

/* Begin PBXFrameworksBuildPhase section */
		0623B0FE2B7EC42000CB0059 /* Frameworks */ = {
			isa = PBXFrameworksBuildPhase;
			buildActionMask = 2147483647;
			files = (
			);
			runOnlyForDeploymentPostprocessing = 0;
		};
		0623B11C2B7EC42600CB0059 /* Frameworks */ = {
			isa = PBXFrameworksBuildPhase;
			buildActionMask = 2147483647;
			files = (
			);
			runOnlyForDeploymentPostprocessing = 0;
		};
		0623B1262B7EC42600CB0059 /* Frameworks */ = {
			isa = PBXFrameworksBuildPhase;
			buildActionMask = 2147483647;
			files = (
			);
			runOnlyForDeploymentPostprocessing = 0;
		};
/* End PBXFrameworksBuildPhase section */

/* Begin PBXGroup section */
		0623B0F82B7EC42000CB0059 = {
			isa = PBXGroup;
			children = (
				0623B1032B7EC42000CB0059 /* Weedalyzer */,
				0623B1222B7EC42600CB0059 /* WeedalyzerTests */,
				0623B12C2B7EC42600CB0059 /* WeedalyzerUITests */,
				0623B1022B7EC42000CB0059 /* Products */,
			);
			sourceTree = "<group>";
		};
		0623B1022B7EC42000CB0059 /* Products */ = {
			isa = PBXGroup;
			children = (
				0623B1012B7EC42000CB0059 /* Weedalyzer.app */,
				0623B11F2B7EC42600CB0059 /* WeedalyzerTests.xctest */,
				0623B1292B7EC42600CB0059 /* WeedalyzerUITests.xctest */,
			);
			name = Products;
			sourceTree = "<group>";
		};
		0623B1032B7EC42000CB0059 /* Weedalyzer */ = {
			isa = PBXGroup;
			children = (
				0623B1042B7EC42000CB0059 /* AppDelegate.h */,
				0623B1052B7EC42000CB0059 /* AppDelegate.m */,
				0623B1072B7EC42000CB0059 /* SceneDelegate.h */,
				0623B1082B7EC42000CB0059 /* SceneDelegate.m */,
				0623B10A2B7EC42000CB0059 /* ViewController.h */,
				0623B10B2B7EC42000CB0059 /* ViewController.m */,
				0623B10D2B7EC42000CB0059 /* Main.storyboard */,
				0623B1132B7EC42500CB0059 /* Assets.xcassets */,
				0623B1152B7EC42500CB0059 /* LaunchScreen.storyboard */,
				0623B1182B7EC42500CB0059 /* Info.plist */,
				0623B1192B7EC42500CB0059 /* main.m */,
				0623B1102B7EC42000CB0059 /* Weedalyzer.xcdatamodeld */,
			);
			path = Weedalyzer;
			sourceTree = "<group>";
		};
		0623B1222B7EC42600CB0059 /* WeedalyzerTests */ = {
			isa = PBXGroup;
			children = (
				0623B1232B7EC42600CB0059 /* WeedalyzerTests.m */,
			);
			path = WeedalyzerTests;
			sourceTree = "<group>";
		};
		0623B12C2B7EC42600CB0059 /* WeedalyzerUITests */ = {
			isa = PBXGroup;
			children = (
				0623B12D2B7EC42600CB0059 /* WeedalyzerUITests.m */,
				0623B12F2B7EC42600CB0059 /* WeedalyzerUITestsLaunchTests.m */,
			);
			path = WeedalyzerUITests;
			sourceTree = "<group>";
		};
/* End PBXGroup section */

/* Begin PBXNativeTarget section */
		0623B1002B7EC42000CB0059 /* Weedalyzer */ = {
			isa = PBXNativeTarget;
			buildConfigurationList = 0623B1332B7EC42600CB0059 /* Build configuration list for PBXNativeTarget "Weedalyzer" */;
			buildPhases = (
				0623B0FD2B7EC42000CB0059 /* Sources */,
				0623B0FE2B7EC42000CB0059 /* Frameworks */,
				0623B0FF2B7EC42000CB0059 /* Resources */,
			);
			buildRules = (
			);
			dependencies = (
			);
			name = Weedalyzer;
			productName = Weedalyzer;
			productReference = 0623B1012B7EC42000CB0059 /* Weedalyzer.app */;
			productType = "com.apple.product-type.application";
		};
		0623B11E2B7EC42600CB0059 /* WeedalyzerTests */ = {
			isa = PBXNativeTarget;
			buildConfigurationList = 0623B1362B7EC42600CB0059 /* Build configuration list for PBXNativeTarget "WeedalyzerTests" */;
			buildPhases = (
				0623B11B2B7EC42600CB0059 /* Sources */,
				0623B11C2B7EC42600CB0059 /* Frameworks */,
				0623B11D2B7EC42600CB0059 /* Resources */,
			);
			buildRules = (
			);
			dependencies = (
				0623B1212B7EC42600CB0059 /* PBXTargetDependency */,
			);
			name = WeedalyzerTests;
			productName = WeedalyzerTests;
			productReference = 0623B11F2B7EC42600CB0059 /* WeedalyzerTests.xctest */;
			productType = "com.apple.product-type.bundle.unit-test";
		};
		0623B1282B7EC42600CB0059 /* WeedalyzerUITests */ = {
			isa = PBXNativeTarget;
			buildConfigurationList = 0623B1392B7EC42600CB0059 /* Build configuration list for PBXNativeTarget "WeedalyzerUITests" */;
			buildPhases = (
				0623B1252B7EC42600CB0059 /* Sources */,
				0623B1262B7EC42600CB0059 /* Frameworks */,
				0623B1272B7EC42600CB0059 /* Resources */,
			);
			buildRules = (
			);
			dependencies = (
				0623B12B2B7EC42600CB0059 /* PBXTargetDependency */,
			);
			name = WeedalyzerUITests;
			productName = WeedalyzerUITests;
			productReference = 0623B1292B7EC42600CB0059 /* WeedalyzerUITests.xctest */;
			productType = "com.apple.product-type.bundle.ui-testing";
		};
/* End PBXNativeTarget section */

/* Begin PBXProject section */
		0623B0F92B7EC42000CB0059 /* Project object */ = {
			isa = PBXProject;
			attributes = {
				BuildIndependentTargetsInParallel = 1;
				LastUpgradeCheck = 1520;
				TargetAttributes = {
					0623B1002B7EC42000CB0059 = {
						CreatedOnToolsVersion = 15.2;
					};
					0623B11E2B7EC42600CB0059 = {
						CreatedOnToolsVersion = 15.2;
						TestTargetID = 0623B1002B7EC42000CB0059;
					};
					0623B1282B7EC42600CB0059 = {
						CreatedOnToolsVersion = 15.2;
						TestTargetID = 0623B1002B7EC42000CB0059;
					};
				};
			};
			buildConfigurationList = 0623B0FC2B7EC42000CB0059 /* Build configuration list for PBXProject "Weedalyzer" */;
			compatibilityVersion = "Xcode 14.0";
			developmentRegion = en;
			hasScannedForEncodings = 0;
			knownRegions = (
				en,
				Base,
			);
			mainGroup = 0623B0F82B7EC42000CB0059;
			productRefGroup = 0623B1022B7EC42000CB0059 /* Products */;
			projectDirPath = "";
			projectRoot = "";
			targets = (
				0623B1002B7EC42000CB0059 /* Weedalyzer */,
				0623B11E2B7EC42600CB0059 /* WeedalyzerTests */,
				0623B1282B7EC42600CB0059 /* WeedalyzerUITests */,
			);
		};
/* End PBXProject section */

/* Begin PBXResourcesBuildPhase section */
		0623B0FF2B7EC42000CB0059 /* Resources */ = {
			isa = PBXResourcesBuildPhase;
			buildActionMask = 2147483647;
			files = (
				0623B1172B7EC42500CB0059 /* LaunchScreen.storyboard in Resources */,
				0623B1142B7EC42500CB0059 /* Assets.xcassets in Resources */,
				0623B10F2B7EC42000CB0059 /* Main.storyboard in Resources */,
			);
			runOnlyForDeploymentPostprocessing = 0;
		};
		0623B11D2B7EC42600CB0059 /* Resources */ = {
			isa = PBXResourcesBuildPhase;
			buildActionMask = 2147483647;
			files = (
			);
			runOnlyForDeploymentPostprocessing = 0;
		};
		0623B1272B7EC42600CB0059 /* Resources */ = {
			isa = PBXResourcesBuildPhase;
			buildActionMask = 2147483647;
			files = (
			);
			runOnlyForDeploymentPostprocessing = 0;
		};
/* End PBXResourcesBuildPhase section */

/* Begin PBXSourcesBuildPhase section */
		0623B0FD2B7EC42000CB0059 /* Sources */ = {
			isa = PBXSourcesBuildPhase;
			buildActionMask = 2147483647;
			files = (
				0623B11A2B7EC42500CB0059 /* main.m in Sources */,
				0623B10C2B7EC42000CB0059 /* ViewController.m in Sources */,
				0623B1062B7EC42000CB0059 /* AppDelegate.m in Sources */,
				0623B1092B7EC42000CB0059 /* SceneDelegate.m in Sources */,
				0623B1122B7EC42000CB0059 /* Weedalyzer.xcdatamodeld in Sources */,
			);
			runOnlyForDeploymentPostprocessing = 0;
		};
		0623B11B2B7EC42600CB0059 /* Sources */ = {
			isa = PBXSourcesBuildPhase;
			buildActionMask = 2147483647;
			files = (
				0623B1242B7EC42600CB0059 /* WeedalyzerTests.m in Sources */,
			);
			runOnlyForDeploymentPostprocessing = 0;
		};
		0623B1252B7EC42600CB0059 /* Sources */ = {
			isa = PBXSourcesBuildPhase;
			buildActionMask = 2147483647;
			files = (
				0623B1302B7EC42600CB0059 /* WeedalyzerUITestsLaunchTests.m in Sources */,
				0623B12E2B7EC42600CB0059 /* WeedalyzerUITests.m in Sources */,
			);
			runOnlyForDeploymentPostprocessing = 0;
		};
/* End PBXSourcesBuildPhase section */

/* Begin PBXTargetDependency section */
		0623B1212B7EC42600CB0059 /* PBXTargetDependency */ = {
			isa = PBXTargetDependency;
			target = 0623B1002B7EC42000CB0059 /* Weedalyzer */;
			targetProxy = 0623B1202B7EC42600CB0059 /* PBXContainerItemProxy */;
		};
		0623B12B2B7EC42600CB0059 /* PBXTargetDependency */ = {
			isa = PBXTargetDependency;
			target = 0623B1002B7EC42000CB0059 /* Weedalyzer */;
			targetProxy = 0623B12A2B7EC42600CB0059 /* PBXContainerItemProxy */;
		};
/* End PBXTargetDependency section */

/* Begin PBXVariantGroup section */
		0623B10D2B7EC42000CB0059 /* Main.storyboard */ = {
			isa = PBXVariantGroup;
			children = (
				0623B10E2B7EC42000CB0059 /* Base */,
			);
			name = Main.storyboard;
			sourceTree = "<group>";
		};
		0623B1152B7EC42500CB0059 /* LaunchScreen.storyboard */ = {
			isa = PBXVariantGroup;
			children = (
				0623B1162B7EC42500CB0059 /* Base */,
			);
			name = LaunchScreen.storyboard;
			sourceTree = "<group>";
		};
/* End PBXVariantGroup section */

/* Begin XCBuildConfiguration section */
		0623B1312B7EC42600CB0059 /* Debug */ = {
			isa = XCBuildConfiguration;
			buildSettings = {
				ALWAYS_SEARCH_USER_PATHS = NO;
				ASSETCATALOG_COMPILER_GENERATE_SWIFT_ASSET_SYMBOL_EXTENSIONS = YES;
				CLANG_ANALYZER_NONNULL = YES;
				CLANG_ANALYZER_NUMBER_OBJECT_CONVERSION = YES_AGGRESSIVE;
				CLANG_CXX_LANGUAGE_STANDARD = "gnu++20";
				CLANG_ENABLE_MODULES = YES;
				CLANG_ENABLE_OBJC_ARC = YES;
				CLANG_ENABLE_OBJC_WEAK = YES;
				CLANG_WARN_BLOCK_CAPTURE_AUTORELEASING = YES;
				CLANG_WARN_BOOL_CONVERSION = YES;
				CLANG_WARN_COMMA = YES;
				CLANG_WARN_CONSTANT_CONVERSION = YES;
				CLANG_WARN_DEPRECATED_OBJC_IMPLEMENTATIONS = YES;
				CLANG_WARN_DIRECT_OBJC_ISA_USAGE = YES_ERROR;
				CLANG_WARN_DOCUMENTATION_COMMENTS = YES;
				CLANG_WARN_EMPTY_BODY = YES;
				CLANG_WARN_ENUM_CONVERSION = YES;
				CLANG_WARN_INFINITE_RECURSION = YES;
				CLANG_WARN_INT_CONVERSION = YES;
				CLANG_WARN_NON_LITERAL_NULL_CONVERSION = YES;
				CLANG_WARN_OBJC_IMPLICIT_RETAIN_SELF = YES;
				CLANG_WARN_OBJC_LITERAL_CONVERSION = YES;
				CLANG_WARN_OBJC_ROOT_CLASS = YES_ERROR;
				CLANG_WARN_QUOTED_INCLUDE_IN_FRAMEWORK_HEADER = YES;
				CLANG_WARN_RANGE_LOOP_ANALYSIS = YES;
				CLANG_WARN_STRICT_PROTOTYPES = YES;
				CLANG_WARN_SUSPICIOUS_MOVE = YES;
				CLANG_WARN_UNGUARDED_AVAILABILITY = YES_AGGRESSIVE;
				CLANG_WARN_UNREACHABLE_CODE = YES;
				CLANG_WARN__DUPLICATE_METHOD_MATCH = YES;
				COPY_PHASE_STRIP = NO;
				DEBUG_INFORMATION_FORMAT = dwarf;
				ENABLE_STRICT_OBJC_MSGSEND = YES;
				ENABLE_TESTABILITY = YES;
				ENABLE_USER_SCRIPT_SANDBOXING = YES;
				GCC_C_LANGUAGE_STANDARD = gnu17;
				GCC_DYNAMIC_NO_PIC = NO;
				GCC_NO_COMMON_BLOCKS = YES;
				GCC_OPTIMIZATION_LEVEL = 0;
				GCC_PREPROCESSOR_DEFINITIONS = (
					"DEBUG=1",
					"$(inherited)",
				);
				GCC_WARN_64_TO_32_BIT_CONVERSION = YES;
				GCC_WARN_ABOUT_RETURN_TYPE = YES_ERROR;
				GCC_WARN_UNDECLARED_SELECTOR = YES;
				GCC_WARN_UNINITIALIZED_AUTOS = YES_AGGRESSIVE;
				GCC_WARN_UNUSED_FUNCTION = YES;
				GCC_WARN_UNUSED_VARIABLE = YES;
				IPHONEOS_DEPLOYMENT_TARGET = 17.2;
				LOCALIZATION_PREFERS_STRING_CATALOGS = YES;
				MTL_ENABLE_DEBUG_INFO = INCLUDE_SOURCE;
				MTL_FAST_MATH = YES;
				ONLY_ACTIVE_ARCH = YES;
				SDKROOT = iphoneos;
			};
			name = Debug;
		};
		0623B1322B7EC42600CB0059 /* Release */ = {
			isa = XCBuildConfiguration;
			buildSettings = {
				ALWAYS_SEARCH_USER_PATHS = NO;
				ASSETCATALOG_COMPILER_GENERATE_SWIFT_ASSET_SYMBOL_EXTENSIONS = YES;
				CLANG_ANALYZER_NONNULL = YES;
				CLANG_ANALYZER_NUMBER_OBJECT_CONVERSION = YES_AGGRESSIVE;
				CLANG_CXX_LANGUAGE_STANDARD = "gnu++20";
				CLANG_ENABLE_MODULES = YES;
				CLANG_ENABLE_OBJC_ARC = YES;
				CLANG_ENABLE_OBJC_WEAK = YES;
				CLANG_WARN_BLOCK_CAPTURE_AUTORELEASING = YES;
				CLANG_WARN_BOOL_CONVERSION = YES;
				CLANG_WARN_COMMA = YES;
				CLANG_WARN_CONSTANT_CONVERSION = YES;
				CLANG_WARN_DEPRECATED_OBJC_IMPLEMENTATIONS = YES;
				CLANG_WARN_DIRECT_OBJC_ISA_USAGE = YES_ERROR;
				CLANG_WARN_DOCUMENTATION_COMMENTS = YES;
				CLANG_WARN_EMPTY_BODY = YES;
				CLANG_WARN_ENUM_CONVERSION = YES;
				CLANG_WARN_INFINITE_RECURSION = YES;
				CLANG_WARN_INT_CONVERSION = YES;
				CLANG_WARN_NON_LITERAL_NULL_CONVERSION = YES;
				CLANG_WARN_OBJC_IMPLICIT_RETAIN_SELF = YES;
				CLANG_WARN_OBJC_LITERAL_CONVERSION = YES;
				CLANG_WARN_OBJC_ROOT_CLASS = YES_ERROR;
				CLANG_WARN_QUOTED_INCLUDE_IN_FRAMEWORK_HEADER = YES;
				CLANG_WARN_RANGE_LOOP_ANALYSIS = YES;
				CLANG_WARN_STRICT_PROTOTYPES = YES;
				CLANG_WARN_SUSPICIOUS_MOVE = YES;
				CLANG_WARN_UNGUARDED_AVAILABILITY = YES_AGGRESSIVE;
				CLANG_WARN_UNREACHABLE_CODE = YES;
				CLANG_WARN__DUPLICATE_METHOD_MATCH = YES;
				COPY_PHASE_STRIP = NO;
				DEBUG_INFORMATION_FORMAT = "dwarf-with-dsym";
				ENABLE_NS_ASSERTIONS = NO;
				ENABLE_STRICT_OBJC_MSGSEND = YES;
				ENABLE_USER_SCRIPT_SANDBOXING = YES;
				GCC_C_LANGUAGE_STANDARD = gnu17;
				GCC_NO_COMMON_BLOCKS = YES;
				GCC_WARN_64_TO_32_BIT_CONVERSION = YES;
				GCC_WARN_ABOUT_RETURN_TYPE = YES_ERROR;
				GCC_WARN_UNDECLARED_SELECTOR = YES;
				GCC_WARN_UNINITIALIZED_AUTOS = YES_AGGRESSIVE;
				GCC_WARN_UNUSED_FUNCTION = YES;
				GCC_WARN_UNUSED_VARIABLE = YES;
				IPHONEOS_DEPLOYMENT_TARGET = 17.2;
				LOCALIZATION_PREFERS_STRING_CATALOGS = YES;
				MTL_ENABLE_DEBUG_INFO = NO;
				MTL_FAST_MATH = YES;
				SDKROOT = iphoneos;
				VALIDATE_PRODUCT = YES;
			};
			name = Release;
		};
		0623B1342B7EC42600CB0059 /* Debug */ = {
			isa = XCBuildConfiguration;
			buildSettings = {
				ASSETCATALOG_COMPILER_APPICON_NAME = AppIcon;
				ASSETCATALOG_COMPILER_GLOBAL_ACCENT_COLOR_NAME = AccentColor;
				CODE_SIGN_STYLE = Automatic;
				CURRENT_PROJECT_VERSION = 1;
				DEVELOPMENT_TEAM = 25VAVF6439;
				GENERATE_INFOPLIST_FILE = YES;
				INFOPLIST_FILE = Weedalyzer/Info.plist;
				INFOPLIST_KEY_UIApplicationSupportsIndirectInputEvents = YES;
				INFOPLIST_KEY_UILaunchStoryboardName = LaunchScreen;
				INFOPLIST_KEY_UIMainStoryboardFile = Main;
				INFOPLIST_KEY_UISupportedInterfaceOrientations_iPad = "UIInterfaceOrientationPortrait UIInterfaceOrientationPortraitUpsideDown UIInterfaceOrientationLandscapeLeft UIInterfaceOrientationLandscapeRight";
				INFOPLIST_KEY_UISupportedInterfaceOrientations_iPhone = "UIInterfaceOrientationPortrait UIInterfaceOrientationLandscapeLeft UIInterfaceOrientationLandscapeRight";
				LD_RUNPATH_SEARCH_PATHS = (
					"$(inherited)",
					"@executable_path/Frameworks",
				);
				MARKETING_VERSION = 1.0;
				PRODUCT_BUNDLE_IDENTIFIER = VisionProject.Weedalyzer;
				PRODUCT_NAME = "$(TARGET_NAME)";
				SWIFT_EMIT_LOC_STRINGS = YES;
				TARGETED_DEVICE_FAMILY = "1,2";
			};
			name = Debug;
		};
		0623B1352B7EC42600CB0059 /* Release */ = {
			isa = XCBuildConfiguration;
			buildSettings = {
				ASSETCATALOG_COMPILER_APPICON_NAME = AppIcon;
				ASSETCATALOG_COMPILER_GLOBAL_ACCENT_COLOR_NAME = AccentColor;
				CODE_SIGN_STYLE = Automatic;
				CURRENT_PROJECT_VERSION = 1;
				DEVELOPMENT_TEAM = 25VAVF6439;
				GENERATE_INFOPLIST_FILE = YES;
				INFOPLIST_FILE = Weedalyzer/Info.plist;
				INFOPLIST_KEY_UIApplicationSupportsIndirectInputEvents = YES;
				INFOPLIST_KEY_UILaunchStoryboardName = LaunchScreen;
				INFOPLIST_KEY_UIMainStoryboardFile = Main;
				INFOPLIST_KEY_UISupportedInterfaceOrientations_iPad = "UIInterfaceOrientationPortrait UIInterfaceOrientationPortraitUpsideDown UIInterfaceOrientationLandscapeLeft UIInterfaceOrientationLandscapeRight";
				INFOPLIST_KEY_UISupportedInterfaceOrientations_iPhone = "UIInterfaceOrientationPortrait UIInterfaceOrientationLandscapeLeft UIInterfaceOrientationLandscapeRight";
				LD_RUNPATH_SEARCH_PATHS = (
					"$(inherited)",
					"@executable_path/Frameworks",
				);
				MARKETING_VERSION = 1.0;
				PRODUCT_BUNDLE_IDENTIFIER = VisionProject.Weedalyzer;
				PRODUCT_NAME = "$(TARGET_NAME)";
				SWIFT_EMIT_LOC_STRINGS = YES;
				TARGETED_DEVICE_FAMILY = "1,2";
			};
			name = Release;
		};
		0623B1372B7EC42600CB0059 /* Debug */ = {
			isa = XCBuildConfiguration;
			buildSettings = {
				BUNDLE_LOADER = "$(TEST_HOST)";
				CODE_SIGN_STYLE = Automatic;
				CURRENT_PROJECT_VERSION = 1;
				GENERATE_INFOPLIST_FILE = YES;
				IPHONEOS_DEPLOYMENT_TARGET = 17.2;
				MARKETING_VERSION = 1.0;
				PRODUCT_BUNDLE_IDENTIFIER = VisionProject.WeedalyzerTests;
				PRODUCT_NAME = "$(TARGET_NAME)";
				SWIFT_EMIT_LOC_STRINGS = NO;
				TARGETED_DEVICE_FAMILY = "1,2";
				TEST_HOST = "$(BUILT_PRODUCTS_DIR)/Weedalyzer.app/$(BUNDLE_EXECUTABLE_FOLDER_PATH)/Weedalyzer";
			};
			name = Debug;
		};
		0623B1382B7EC42600CB0059 /* Release */ = {
			isa = XCBuildConfiguration;
			buildSettings = {
				BUNDLE_LOADER = "$(TEST_HOST)";
				CODE_SIGN_STYLE = Automatic;
				CURRENT_PROJECT_VERSION = 1;
				GENERATE_INFOPLIST_FILE = YES;
				IPHONEOS_DEPLOYMENT_TARGET = 17.2;
				MARKETING_VERSION = 1.0;
				PRODUCT_BUNDLE_IDENTIFIER = VisionProject.WeedalyzerTests;
				PRODUCT_NAME = "$(TARGET_NAME)";
				SWIFT_EMIT_LOC_STRINGS = NO;
				TARGETED_DEVICE_FAMILY = "1,2";
				TEST_HOST = "$(BUILT_PRODUCTS_DIR)/Weedalyzer.app/$(BUNDLE_EXECUTABLE_FOLDER_PATH)/Weedalyzer";
			};
			name = Release;
		};
		0623B13A2B7EC42600CB0059 /* Debug */ = {
			isa = XCBuildConfiguration;
			buildSettings = {
				CODE_SIGN_STYLE = Automatic;
				CURRENT_PROJECT_VERSION = 1;
				GENERATE_INFOPLIST_FILE = YES;
				MARKETING_VERSION = 1.0;
				PRODUCT_BUNDLE_IDENTIFIER = VisionProject.WeedalyzerUITests;
				PRODUCT_NAME = "$(TARGET_NAME)";
				SWIFT_EMIT_LOC_STRINGS = NO;
				TARGETED_DEVICE_FAMILY = "1,2";
				TEST_TARGET_NAME = Weedalyzer;
			};
			name = Debug;
		};
		0623B13B2B7EC42600CB0059 /* Release */ = {
			isa = XCBuildConfiguration;
			buildSettings = {
				CODE_SIGN_STYLE = Automatic;
				CURRENT_PROJECT_VERSION = 1;
				GENERATE_INFOPLIST_FILE = YES;
				MARKETING_VERSION = 1.0;
				PRODUCT_BUNDLE_IDENTIFIER = VisionProject.WeedalyzerUITests;
				PRODUCT_NAME = "$(TARGET_NAME)";
				SWIFT_EMIT_LOC_STRINGS = NO;
				TARGETED_DEVICE_FAMILY = "1,2";
				TEST_TARGET_NAME = Weedalyzer;
			};
			name = Release;
		};
/* End XCBuildConfiguration section */

/* Begin XCConfigurationList section */
		0623B0FC2B7EC42000CB0059 /* Build configuration list for PBXProject "Weedalyzer" */ = {
			isa = XCConfigurationList;
			buildConfigurations = (
				0623B1312B7EC42600CB0059 /* Debug */,
				0623B1322B7EC42600CB0059 /* Release */,
			);
			defaultConfigurationIsVisible = 0;
			defaultConfigurationName = Release;
		};
		0623B1332B7EC42600CB0059 /* Build configuration list for PBXNativeTarget "Weedalyzer" */ = {
			isa = XCConfigurationList;
			buildConfigurations = (
				0623B1342B7EC42600CB0059 /* Debug */,
				0623B1352B7EC42600CB0059 /* Release */,
			);
			defaultConfigurationIsVisible = 0;
			defaultConfigurationName = Release;
		};
		0623B1362B7EC42600CB0059 /* Build configuration list for PBXNativeTarget "WeedalyzerTests" */ = {
			isa = XCConfigurationList;
			buildConfigurations = (
				0623B1372B7EC42600CB0059 /* Debug */,
				0623B1382B7EC42600CB0059 /* Release */,
			);
			defaultConfigurationIsVisible = 0;
			defaultConfigurationName = Release;
		};
		0623B1392B7EC42600CB0059 /* Build configuration list for PBXNativeTarget "WeedalyzerUITests" */ = {
			isa = XCConfigurationList;
			buildConfigurations = (
				0623B13A2B7EC42600CB0059 /* Debug */,
				0623B13B2B7EC42600CB0059 /* Release */,
			);
			defaultConfigurationIsVisible = 0;
			defaultConfigurationName = Release;
		};
/* End XCConfigurationList section */

/* Begin XCVersionGroup section */
		0623B1102B7EC42000CB0059 /* Weedalyzer.xcdatamodeld */ = {
			isa = XCVersionGroup;
			children = (
				0623B1112B7EC42000CB0059 /* Weedalyzer.xcdatamodel */,
			);
			currentVersion = 0623B1112B7EC42000CB0059 /* Weedalyzer.xcdatamodel */;
			path = Weedalyzer.xcdatamodeld;
			sourceTree = "<group>";
			versionGroupType = wrapper.xcdatamodel;
		};
/* End XCVersionGroup section */
	};
	rootObject = 0623B0F92B7EC42000CB0059 /* Project object */;
}
